
Microsoft Visual Studio Solution File, Format Version 12.00
# Visual Studio 15
VisualStudioVersion = 15.0.27428.2037
MinimumVisualStudioVersion = 10.0.40219.1
Project("{FAE04EC0-301F-11D3-BF4B-00C04F79EFBC}") = "01.HarvestingFields", "01.HarvestingFields\01.HarvestingFields.csproj", "{E7C6DB7B-93B3-469F-9DE4-3C264E69C416}"
EndProject
Global
	GlobalSection(SolutionConfigurationPlatforms) = preSolution
		Debug|Any CPU = Debug|Any CPU
		Release|Any CPU = Release|Any CPU
	EndGlobalSection
	GlobalSection(ProjectConfigurationPlatforms) = postSolution
		{E7C6DB7B-93B3-469F-9DE4-3C264E69C416}.Debug|Any CPU.ActiveCfg = Debug|Any CPU
		{E7C6DB7B-93B3-469F-9DE4-3C264E69C416}.Debug|Any CPU.Build.0 = Debug|Any CPU
		{E7C6DB7B-93B3-469F-9DE4-3C264E69C416}.Release|Any CPU.ActiveCfg = Release|Any CPU
		{E7C6DB7B-93B3-469F-9DE4-3C264E69C416}.Release|Any CPU.Build.0 = Release|Any CPU
	EndGlobalSection
	GlobalSection(SolutionProperties) = preSolution
		HideSolutionNode = FALSE
	EndGlobalSection
	GlobalSection(ExtensibilityGlobals) = postSolution
		SolutionGuid = {EA90733E-35BF-4041-B017-F6BE795EA3E5}
	EndGlobalSection
EndGlobal
