
Microsoft Visual Studio Solution File, Format Version 12.00
# Visual Studio 15
VisualStudioVersion = 15.0.27004.2005
MinimumVisualStudioVersion = 10.0.40219.1
Project("{9A19103F-16F7-4668-BE54-9A1E7A4F7556}") = "01.DefineClassPerson", "ConsoleApp1\01.DefineClassPerson.csproj", "{BC7CAAEF-C78C-4BAF-88B3-56028B287D2A}"
EndProject
Global
	GlobalSection(SolutionConfigurationPlatforms) = preSolution
		Debug|Any CPU = Debug|Any CPU
		Release|Any CPU = Release|Any CPU
	EndGlobalSection
	GlobalSection(ProjectConfigurationPlatforms) = postSolution
		{BC7CAAEF-C78C-4BAF-88B3-56028B287D2A}.Debug|Any CPU.ActiveCfg = Debug|Any CPU
		{BC7CAAEF-C78C-4BAF-88B3-56028B287D2A}.Debug|Any CPU.Build.0 = Debug|Any CPU
		{BC7CAAEF-C78C-4BAF-88B3-56028B287D2A}.Release|Any CPU.ActiveCfg = Release|Any CPU
		{BC7CAAEF-C78C-4BAF-88B3-56028B287D2A}.Release|Any CPU.Build.0 = Release|Any CPU
	EndGlobalSection
	GlobalSection(SolutionProperties) = preSolution
		HideSolutionNode = FALSE
	EndGlobalSection
	GlobalSection(ExtensibilityGlobals) = postSolution
		SolutionGuid = {C1FE7D3F-94E8-4D24-9286-2706191DF6F4}
	EndGlobalSection
EndGlobal
