
Microsoft Visual Studio Solution File, Format Version 12.00
# Visual Studio 15
VisualStudioVersion = 15.0.27004.2005
MinimumVisualStudioVersion = 10.0.40219.1
Project("{9A19103F-16F7-4668-BE54-9A1E7A4F7556}") = "03.CompanyRooster", "03.CompanyRooster\03.CompanyRooster.csproj", "{9573764F-EF16-4FFC-A523-4D1E19E6C53A}"
EndProject
Project("{9A19103F-16F7-4668-BE54-9A1E7A4F7556}") = "04.SpeedRacing", "04.SpeedRacing\04.SpeedRacing.csproj", "{8FC02AEB-8818-4BBD-A64A-19D2C6237516}"
EndProject
Project("{9A19103F-16F7-4668-BE54-9A1E7A4F7556}") = "01.DefineClassPerson", "01.DefiningClassPerson\01.DefineClassPerson.csproj", "{52EB50BF-FBE0-4732-B4B7-3B573412D44B}"
EndProject
Project("{9A19103F-16F7-4668-BE54-9A1E7A4F7556}") = "05.RawData", "05.RawData\05.RawData.csproj", "{BE5F2886-E212-4708-88BA-1E74C4FFF4D2}"
EndProject
Project("{9A19103F-16F7-4668-BE54-9A1E7A4F7556}") = "06.RectangleIntersection", "06.RectangleIntersection\06.RectangleIntersection.csproj", "{9349FD92-9FE1-407E-B21E-C746CD0F6D6A}"
EndProject
Project("{9A19103F-16F7-4668-BE54-9A1E7A4F7556}") = "07.CarSalesman", "07.CarSalesman\07.CarSalesman.csproj", "{86BF9459-1D01-43B1-B366-BA2229A57D8E}"
EndProject
Project("{9A19103F-16F7-4668-BE54-9A1E7A4F7556}") = "08.PokemonTrainer", "08.PokemonTrainer\08.PokemonTrainer.csproj", "{AE72DDA6-060C-4187-80E1-351C5DF5046E}"
EndProject
Project("{9A19103F-16F7-4668-BE54-9A1E7A4F7556}") = "09.Google", "09.Google\09.Google.csproj", "{DD6B49C7-1C95-4416-B637-BA18FC9548CA}"
EndProject
Project("{9A19103F-16F7-4668-BE54-9A1E7A4F7556}") = "10.FamilyTree", "10.FamilyTree\10.FamilyTree.csproj", "{CBEF15B4-3985-4070-AA17-2AA5F8861EA2}"
EndProject
Project("{9A19103F-16F7-4668-BE54-9A1E7A4F7556}") = "02.DateModifierTask", "02.DateModifierTask\02.DateModifierTask.csproj", "{2DD03907-FAF5-43C5-BC51-92D3F7D76427}"
EndProject
Project("{FAE04EC0-301F-11D3-BF4B-00C04F79EFBC}") = "11.CatLady", "11.CatLady\11.CatLady.csproj", "{51BFA523-024C-41F6-952A-1DE3945BE485}"
EndProject
Global
	GlobalSection(SolutionConfigurationPlatforms) = preSolution
		Debug|Any CPU = Debug|Any CPU
		Release|Any CPU = Release|Any CPU
	EndGlobalSection
	GlobalSection(ProjectConfigurationPlatforms) = postSolution
		{9573764F-EF16-4FFC-A523-4D1E19E6C53A}.Debug|Any CPU.ActiveCfg = Debug|Any CPU
		{9573764F-EF16-4FFC-A523-4D1E19E6C53A}.Debug|Any CPU.Build.0 = Debug|Any CPU
		{9573764F-EF16-4FFC-A523-4D1E19E6C53A}.Release|Any CPU.ActiveCfg = Release|Any CPU
		{9573764F-EF16-4FFC-A523-4D1E19E6C53A}.Release|Any CPU.Build.0 = Release|Any CPU
		{8FC02AEB-8818-4BBD-A64A-19D2C6237516}.Debug|Any CPU.ActiveCfg = Debug|Any CPU
		{8FC02AEB-8818-4BBD-A64A-19D2C6237516}.Debug|Any CPU.Build.0 = Debug|Any CPU
		{8FC02AEB-8818-4BBD-A64A-19D2C6237516}.Release|Any CPU.ActiveCfg = Release|Any CPU
		{8FC02AEB-8818-4BBD-A64A-19D2C6237516}.Release|Any CPU.Build.0 = Release|Any CPU
		{52EB50BF-FBE0-4732-B4B7-3B573412D44B}.Debug|Any CPU.ActiveCfg = Debug|Any CPU
		{52EB50BF-FBE0-4732-B4B7-3B573412D44B}.Debug|Any CPU.Build.0 = Debug|Any CPU
		{52EB50BF-FBE0-4732-B4B7-3B573412D44B}.Release|Any CPU.ActiveCfg = Release|Any CPU
		{52EB50BF-FBE0-4732-B4B7-3B573412D44B}.Release|Any CPU.Build.0 = Release|Any CPU
		{BE5F2886-E212-4708-88BA-1E74C4FFF4D2}.Debug|Any CPU.ActiveCfg = Debug|Any CPU
		{BE5F2886-E212-4708-88BA-1E74C4FFF4D2}.Debug|Any CPU.Build.0 = Debug|Any CPU
		{BE5F2886-E212-4708-88BA-1E74C4FFF4D2}.Release|Any CPU.ActiveCfg = Release|Any CPU
		{BE5F2886-E212-4708-88BA-1E74C4FFF4D2}.Release|Any CPU.Build.0 = Release|Any CPU
		{9349FD92-9FE1-407E-B21E-C746CD0F6D6A}.Debug|Any CPU.ActiveCfg = Debug|Any CPU
		{9349FD92-9FE1-407E-B21E-C746CD0F6D6A}.Debug|Any CPU.Build.0 = Debug|Any CPU
		{9349FD92-9FE1-407E-B21E-C746CD0F6D6A}.Release|Any CPU.ActiveCfg = Release|Any CPU
		{9349FD92-9FE1-407E-B21E-C746CD0F6D6A}.Release|Any CPU.Build.0 = Release|Any CPU
		{86BF9459-1D01-43B1-B366-BA2229A57D8E}.Debug|Any CPU.ActiveCfg = Debug|Any CPU
		{86BF9459-1D01-43B1-B366-BA2229A57D8E}.Debug|Any CPU.Build.0 = Debug|Any CPU
		{86BF9459-1D01-43B1-B366-BA2229A57D8E}.Release|Any CPU.ActiveCfg = Release|Any CPU
		{86BF9459-1D01-43B1-B366-BA2229A57D8E}.Release|Any CPU.Build.0 = Release|Any CPU
		{AE72DDA6-060C-4187-80E1-351C5DF5046E}.Debug|Any CPU.ActiveCfg = Debug|Any CPU
		{AE72DDA6-060C-4187-80E1-351C5DF5046E}.Debug|Any CPU.Build.0 = Debug|Any CPU
		{AE72DDA6-060C-4187-80E1-351C5DF5046E}.Release|Any CPU.ActiveCfg = Release|Any CPU
		{AE72DDA6-060C-4187-80E1-351C5DF5046E}.Release|Any CPU.Build.0 = Release|Any CPU
		{DD6B49C7-1C95-4416-B637-BA18FC9548CA}.Debug|Any CPU.ActiveCfg = Debug|Any CPU
		{DD6B49C7-1C95-4416-B637-BA18FC9548CA}.Debug|Any CPU.Build.0 = Debug|Any CPU
		{DD6B49C7-1C95-4416-B637-BA18FC9548CA}.Release|Any CPU.ActiveCfg = Release|Any CPU
		{DD6B49C7-1C95-4416-B637-BA18FC9548CA}.Release|Any CPU.Build.0 = Release|Any CPU
		{CBEF15B4-3985-4070-AA17-2AA5F8861EA2}.Debug|Any CPU.ActiveCfg = Debug|Any CPU
		{CBEF15B4-3985-4070-AA17-2AA5F8861EA2}.Debug|Any CPU.Build.0 = Debug|Any CPU
		{CBEF15B4-3985-4070-AA17-2AA5F8861EA2}.Release|Any CPU.ActiveCfg = Release|Any CPU
		{CBEF15B4-3985-4070-AA17-2AA5F8861EA2}.Release|Any CPU.Build.0 = Release|Any CPU
		{2DD03907-FAF5-43C5-BC51-92D3F7D76427}.Debug|Any CPU.ActiveCfg = Debug|Any CPU
		{2DD03907-FAF5-43C5-BC51-92D3F7D76427}.Debug|Any CPU.Build.0 = Debug|Any CPU
		{2DD03907-FAF5-43C5-BC51-92D3F7D76427}.Release|Any CPU.ActiveCfg = Release|Any CPU
		{2DD03907-FAF5-43C5-BC51-92D3F7D76427}.Release|Any CPU.Build.0 = Release|Any CPU
		{51BFA523-024C-41F6-952A-1DE3945BE485}.Debug|Any CPU.ActiveCfg = Debug|Any CPU
		{51BFA523-024C-41F6-952A-1DE3945BE485}.Debug|Any CPU.Build.0 = Debug|Any CPU
		{51BFA523-024C-41F6-952A-1DE3945BE485}.Release|Any CPU.ActiveCfg = Release|Any CPU
		{51BFA523-024C-41F6-952A-1DE3945BE485}.Release|Any CPU.Build.0 = Release|Any CPU
	EndGlobalSection
	GlobalSection(SolutionProperties) = preSolution
		HideSolutionNode = FALSE
	EndGlobalSection
	GlobalSection(ExtensibilityGlobals) = postSolution
		SolutionGuid = {C1FE7D3F-94E8-4D24-9286-2706191DF6F4}
	EndGlobalSection
EndGlobal
